
Microsoft Visual Studio Solution File, Format Version 12.00
# Visual Studio Version 16
VisualStudioVersion = 16.0.29215.179
MinimumVisualStudioVersion = 10.0.40219.1
Project("{FAE04EC0-301F-11D3-BF4B-00C04F79EFBC}") = "rnw_nuget_csharp", "rnw_nuget_csharp\rnw_nuget_csharp.csproj", "{9C616FBF-EE6C-4E5B-8AC5-07767B1E90D6}"
EndProject
Global
	GlobalSection(SolutionConfigurationPlatforms) = preSolution
		Debug|ARM64 = Debug|ARM64
		Debug|x64 = Debug|x64
		Debug|x86 = Debug|x86
		Release|ARM64 = Release|ARM64
		Release|x64 = Release|x64
		Release|x86 = Release|x86
	EndGlobalSection
	GlobalSection(ProjectConfigurationPlatforms) = postSolution
		{9C616FBF-EE6C-4E5B-8AC5-07767B1E90D6}.Debug|ARM64.ActiveCfg = Debug|ARM64
		{9C616FBF-EE6C-4E5B-8AC5-07767B1E90D6}.Debug|ARM64.Build.0 = Debug|ARM64
		{9C616FBF-EE6C-4E5B-8AC5-07767B1E90D6}.Debug|ARM64.Deploy.0 = Debug|ARM64
		{9C616FBF-EE6C-4E5B-8AC5-07767B1E90D6}.Debug|x64.ActiveCfg = Debug|x64
		{9C616FBF-EE6C-4E5B-8AC5-07767B1E90D6}.Debug|x64.Build.0 = Debug|x64
		{9C616FBF-EE6C-4E5B-8AC5-07767B1E90D6}.Debug|x64.Deploy.0 = Debug|x64
		{9C616FBF-EE6C-4E5B-8AC5-07767B1E90D6}.Debug|x86.ActiveCfg = Debug|x86
		{9C616FBF-EE6C-4E5B-8AC5-07767B1E90D6}.Debug|x86.Build.0 = Debug|x86
		{9C616FBF-EE6C-4E5B-8AC5-07767B1E90D6}.Debug|x86.Deploy.0 = Debug|x86
		{9C616FBF-EE6C-4E5B-8AC5-07767B1E90D6}.Release|ARM64.ActiveCfg = Release|ARM64
		{9C616FBF-EE6C-4E5B-8AC5-07767B1E90D6}.Release|ARM64.Build.0 = Release|ARM64
		{9C616FBF-EE6C-4E5B-8AC5-07767B1E90D6}.Release|ARM64.Deploy.0 = Release|ARM64
		{9C616FBF-EE6C-4E5B-8AC5-07767B1E90D6}.Release|x64.ActiveCfg = Release|x64
		{9C616FBF-EE6C-4E5B-8AC5-07767B1E90D6}.Release|x64.Build.0 = Release|x64
		{9C616FBF-EE6C-4E5B-8AC5-07767B1E90D6}.Release|x64.Deploy.0 = Release|x64
		{9C616FBF-EE6C-4E5B-8AC5-07767B1E90D6}.Release|x86.ActiveCfg = Release|x86
		{9C616FBF-EE6C-4E5B-8AC5-07767B1E90D6}.Release|x86.Build.0 = Release|x86
		{9C616FBF-EE6C-4E5B-8AC5-07767B1E90D6}.Release|x86.Deploy.0 = Release|x86
	EndGlobalSection
	GlobalSection(SolutionProperties) = preSolution
		HideSolutionNode = FALSE
	EndGlobalSection
	GlobalSection(ExtensibilityGlobals) = postSolution
		SolutionGuid = {D43FAD39-F619-437D-BB40-04A3982ACB6A}
	EndGlobalSection
EndGlobal
